// !$*UTF8*$!
{
	archiveVersion = 1;
	classes = {
	};
	objectVersion = 56;
	objects = {

/* Begin PBXBuildFile section */
		643EF69D2B6D7882003778AF /* UserError.swift in Sources */ = {isa = PBXBuildFile; fileRef = 643EF69C2B6D7882003778AF /* UserError.swift */; };
		643EF6AC2B6D81CF003778AF /* MockURLSession.swift in Sources */ = {isa = PBXBuildFile; fileRef = 643EF6AB2B6D81CF003778AF /* MockURLSession.swift */; };
		643EF6B02B6D8A27003778AF /* UserNetworkTaskTest.swift in Sources */ = {isa = PBXBuildFile; fileRef = 643EF6AF2B6D8A27003778AF /* UserNetworkTaskTest.swift */; };
		643EF6B22B6D8BB4003778AF /* MockURLSessionDataTask.swift in Sources */ = {isa = PBXBuildFile; fileRef = 643EF6B12B6D8BB4003778AF /* MockURLSessionDataTask.swift */; };
		643EF6B42B6D913E003778AF /* UsersModelTest.swift in Sources */ = {isa = PBXBuildFile; fileRef = 643EF6B32B6D913E003778AF /* UsersModelTest.swift */; };
		643EF6B62B6D917C003778AF /* MockUserNetworkTask.swift in Sources */ = {isa = PBXBuildFile; fileRef = 643EF6B52B6D917C003778AF /* MockUserNetworkTask.swift */; };
		643EF6B82B6D949F003778AF /* MockUsersModel.swift in Sources */ = {isa = PBXBuildFile; fileRef = 643EF6B72B6D949F003778AF /* MockUsersModel.swift */; };
		643EF6BA2B6D94DA003778AF /* UsersViewModelTest.swift in Sources */ = {isa = PBXBuildFile; fileRef = 643EF6B92B6D94DA003778AF /* UsersViewModelTest.swift */; };
		643EF6C02B6DA2C4003778AF /* unit_test_coverage_report.png in Resources */ = {isa = PBXBuildFile; fileRef = 643EF6BD2B6DA2C4003778AF /* unit_test_coverage_report.png */; };
		643EF6C12B6DA2C4003778AF /* load_more.png in Resources */ = {isa = PBXBuildFile; fileRef = 643EF6BE2B6DA2C4003778AF /* load_more.png */; };
		643EF6C22B6DA2C4003778AF /* first_screen.png in Resources */ = {isa = PBXBuildFile; fileRef = 643EF6BF2B6DA2C4003778AF /* first_screen.png */; };
		6466CB142B6C2C0F00692ADF /* URLImage in Frameworks */ = {isa = PBXBuildFile; productRef = 6466CB132B6C2C0F00692ADF /* URLImage */; };
		6466CB162B6C2C0F00692ADF /* URLImageStore in Frameworks */ = {isa = PBXBuildFile; productRef = 6466CB152B6C2C0F00692ADF /* URLImageStore */; };
		6466CB192B6C3CF400692ADF /* UsersView.swift in Sources */ = {isa = PBXBuildFile; fileRef = 6466CB182B6C3CF400692ADF /* UsersView.swift */; };
		6466CB1B2B6C3D0300692ADF /* UsersViewModel.swift in Sources */ = {isa = PBXBuildFile; fileRef = 6466CB1A2B6C3D0300692ADF /* UsersViewModel.swift */; };
		6466CB1D2B6C3D0F00692ADF /* UsersModel.swift in Sources */ = {isa = PBXBuildFile; fileRef = 6466CB1C2B6C3D0F00692ADF /* UsersModel.swift */; };
		6466CB1F2B6C3DFF00692ADF /* UsersListRowItemView.swift in Sources */ = {isa = PBXBuildFile; fileRef = 6466CB1E2B6C3DFF00692ADF /* UsersListRowItemView.swift */; };
		6466CB222B6C3FC600692ADF /* UserNetworkTask.swift in Sources */ = {isa = PBXBuildFile; fileRef = 6466CB212B6C3FC600692ADF /* UserNetworkTask.swift */; };
		6466CB252B6C3FF200692ADF /* Users.swift in Sources */ = {isa = PBXBuildFile; fileRef = 6466CB242B6C3FF200692ADF /* Users.swift */; };
		6466CB272B6C3FF900692ADF /* User.swift in Sources */ = {isa = PBXBuildFile; fileRef = 6466CB262B6C3FF900692ADF /* User.swift */; };
		64BB3C112B6A0C1A00B736A1 /* Bt_DemoApp.swift in Sources */ = {isa = PBXBuildFile; fileRef = 64BB3C102B6A0C1A00B736A1 /* Bt_DemoApp.swift */; };
		64BB3C152B6A0C1B00B736A1 /* Assets.xcassets in Resources */ = {isa = PBXBuildFile; fileRef = 64BB3C142B6A0C1B00B736A1 /* Assets.xcassets */; };
		64BB3C182B6A0C1B00B736A1 /* Preview Assets.xcassets in Resources */ = {isa = PBXBuildFile; fileRef = 64BB3C172B6A0C1B00B736A1 /* Preview Assets.xcassets */; };
/* End PBXBuildFile section */

/* Begin PBXContainerItemProxy section */
		643EF6A62B6D8108003778AF /* PBXContainerItemProxy */ = {
			isa = PBXContainerItemProxy;
			containerPortal = 64BB3C052B6A0C1A00B736A1 /* Project object */;
			proxyType = 1;
			remoteGlobalIDString = 64BB3C0C2B6A0C1A00B736A1;
			remoteInfo = "Bt-Demo";
		};
/* End PBXContainerItemProxy section */

/* Begin PBXFileReference section */
		643EF69C2B6D7882003778AF /* UserError.swift */ = {isa = PBXFileReference; lastKnownFileType = sourcecode.swift; path = UserError.swift; sourceTree = "<group>"; };
		643EF6A22B6D8108003778AF /* Bt-DemoTests.xctest */ = {isa = PBXFileReference; explicitFileType = wrapper.cfbundle; includeInIndex = 0; path = "Bt-DemoTests.xctest"; sourceTree = BUILT_PRODUCTS_DIR; };
		643EF6AB2B6D81CF003778AF /* MockURLSession.swift */ = {isa = PBXFileReference; lastKnownFileType = sourcecode.swift; path = MockURLSession.swift; sourceTree = "<group>"; };
		643EF6AF2B6D8A27003778AF /* UserNetworkTaskTest.swift */ = {isa = PBXFileReference; lastKnownFileType = sourcecode.swift; path = UserNetworkTaskTest.swift; sourceTree = "<group>"; };
		643EF6B12B6D8BB4003778AF /* MockURLSessionDataTask.swift */ = {isa = PBXFileReference; lastKnownFileType = sourcecode.swift; path = MockURLSessionDataTask.swift; sourceTree = "<group>"; };
		643EF6B32B6D913E003778AF /* UsersModelTest.swift */ = {isa = PBXFileReference; lastKnownFileType = sourcecode.swift; path = UsersModelTest.swift; sourceTree = "<group>"; };
		643EF6B52B6D917C003778AF /* MockUserNetworkTask.swift */ = {isa = PBXFileReference; lastKnownFileType = sourcecode.swift; path = MockUserNetworkTask.swift; sourceTree = "<group>"; };
		643EF6B72B6D949F003778AF /* MockUsersModel.swift */ = {isa = PBXFileReference; lastKnownFileType = sourcecode.swift; path = MockUsersModel.swift; sourceTree = "<group>"; };
		643EF6B92B6D94DA003778AF /* UsersViewModelTest.swift */ = {isa = PBXFileReference; lastKnownFileType = sourcecode.swift; path = UsersViewModelTest.swift; sourceTree = "<group>"; };
		643EF6BD2B6DA2C4003778AF /* unit_test_coverage_report.png */ = {isa = PBXFileReference; lastKnownFileType = image.png; path = unit_test_coverage_report.png; sourceTree = "<group>"; };
		643EF6BE2B6DA2C4003778AF /* load_more.png */ = {isa = PBXFileReference; lastKnownFileType = image.png; path = load_more.png; sourceTree = "<group>"; };
		643EF6BF2B6DA2C4003778AF /* first_screen.png */ = {isa = PBXFileReference; lastKnownFileType = image.png; path = first_screen.png; sourceTree = "<group>"; };
		6466CB182B6C3CF400692ADF /* UsersView.swift */ = {isa = PBXFileReference; lastKnownFileType = sourcecode.swift; path = UsersView.swift; sourceTree = "<group>"; };
		6466CB1A2B6C3D0300692ADF /* UsersViewModel.swift */ = {isa = PBXFileReference; lastKnownFileType = sourcecode.swift; path = UsersViewModel.swift; sourceTree = "<group>"; };
		6466CB1C2B6C3D0F00692ADF /* UsersModel.swift */ = {isa = PBXFileReference; lastKnownFileType = sourcecode.swift; path = UsersModel.swift; sourceTree = "<group>"; };
		6466CB1E2B6C3DFF00692ADF /* UsersListRowItemView.swift */ = {isa = PBXFileReference; lastKnownFileType = sourcecode.swift; path = UsersListRowItemView.swift; sourceTree = "<group>"; };
		6466CB212B6C3FC600692ADF /* UserNetworkTask.swift */ = {isa = PBXFileReference; lastKnownFileType = sourcecode.swift; path = UserNetworkTask.swift; sourceTree = "<group>"; };
		6466CB242B6C3FF200692ADF /* Users.swift */ = {isa = PBXFileReference; lastKnownFileType = sourcecode.swift; path = Users.swift; sourceTree = "<group>"; };
		6466CB262B6C3FF900692ADF /* User.swift */ = {isa = PBXFileReference; lastKnownFileType = sourcecode.swift; path = User.swift; sourceTree = "<group>"; };
		64BB3C0D2B6A0C1A00B736A1 /* Bt-Demo.app */ = {isa = PBXFileReference; explicitFileType = wrapper.application; includeInIndex = 0; path = "Bt-Demo.app"; sourceTree = BUILT_PRODUCTS_DIR; };
		64BB3C102B6A0C1A00B736A1 /* Bt_DemoApp.swift */ = {isa = PBXFileReference; lastKnownFileType = sourcecode.swift; path = Bt_DemoApp.swift; sourceTree = "<group>"; };
		64BB3C142B6A0C1B00B736A1 /* Assets.xcassets */ = {isa = PBXFileReference; lastKnownFileType = folder.assetcatalog; path = Assets.xcassets; sourceTree = "<group>"; };
		64BB3C172B6A0C1B00B736A1 /* Preview Assets.xcassets */ = {isa = PBXFileReference; lastKnownFileType = folder.assetcatalog; path = "Preview Assets.xcassets"; sourceTree = "<group>"; };
/* End PBXFileReference section */

/* Begin PBXFrameworksBuildPhase section */
		643EF69F2B6D8108003778AF /* Frameworks */ = {
			isa = PBXFrameworksBuildPhase;
			buildActionMask = 2147483647;
			files = (
			);
			runOnlyForDeploymentPostprocessing = 0;
		};
		64BB3C0A2B6A0C1A00B736A1 /* Frameworks */ = {
			isa = PBXFrameworksBuildPhase;
			buildActionMask = 2147483647;
			files = (
				6466CB162B6C2C0F00692ADF /* URLImageStore in Frameworks */,
				6466CB142B6C2C0F00692ADF /* URLImage in Frameworks */,
			);
			runOnlyForDeploymentPostprocessing = 0;
		};
/* End PBXFrameworksBuildPhase section */

/* Begin PBXGroup section */
		643EF6A32B6D8108003778AF /* Bt-DemoTests */ = {
			isa = PBXGroup;
			children = (
				643EF6BB2B6D96B1003778AF /* Mocks */,
				643EF6AF2B6D8A27003778AF /* UserNetworkTaskTest.swift */,
				643EF6B32B6D913E003778AF /* UsersModelTest.swift */,
				643EF6B92B6D94DA003778AF /* UsersViewModelTest.swift */,
			);
			path = "Bt-DemoTests";
			sourceTree = "<group>";
		};
		643EF6BB2B6D96B1003778AF /* Mocks */ = {
			isa = PBXGroup;
			children = (
				643EF6AB2B6D81CF003778AF /* MockURLSession.swift */,
				643EF6B12B6D8BB4003778AF /* MockURLSessionDataTask.swift */,
				643EF6B52B6D917C003778AF /* MockUserNetworkTask.swift */,
				643EF6B72B6D949F003778AF /* MockUsersModel.swift */,
			);
			path = Mocks;
			sourceTree = "<group>";
		};
		643EF6BC2B6DA2AE003778AF /* Screenshots */ = {
			isa = PBXGroup;
			children = (
				643EF6BF2B6DA2C4003778AF /* first_screen.png */,
				643EF6BE2B6DA2C4003778AF /* load_more.png */,
				643EF6BD2B6DA2C4003778AF /* unit_test_coverage_report.png */,
			);
			path = Screenshots;
			sourceTree = "<group>";
		};
		6466CB172B6C3CC800692ADF /* Users */ = {
			isa = PBXGroup;
			children = (
				6466CB232B6C3FE500692ADF /* Models */,
				6466CB182B6C3CF400692ADF /* UsersView.swift */,
				6466CB1A2B6C3D0300692ADF /* UsersViewModel.swift */,
				6466CB1C2B6C3D0F00692ADF /* UsersModel.swift */,
				6466CB1E2B6C3DFF00692ADF /* UsersListRowItemView.swift */,
			);
			path = Users;
			sourceTree = "<group>";
		};
		6466CB202B6C3F9700692ADF /* NetworkService */ = {
			isa = PBXGroup;
			children = (
				6466CB212B6C3FC600692ADF /* UserNetworkTask.swift */,
				643EF69C2B6D7882003778AF /* UserError.swift */,
			);
			path = NetworkService;
			sourceTree = "<group>";
		};
		6466CB232B6C3FE500692ADF /* Models */ = {
			isa = PBXGroup;
			children = (
				6466CB242B6C3FF200692ADF /* Users.swift */,
				6466CB262B6C3FF900692ADF /* User.swift */,
			);
			path = Models;
			sourceTree = "<group>";
		};
		64BB3C042B6A0C1A00B736A1 = {
			isa = PBXGroup;
			children = (
				643EF6BC2B6DA2AE003778AF /* Screenshots */,
				64BB3C0F2B6A0C1A00B736A1 /* Bt-Demo */,
				643EF6A32B6D8108003778AF /* Bt-DemoTests */,
				64BB3C0E2B6A0C1A00B736A1 /* Products */,
			);
			sourceTree = "<group>";
		};
		64BB3C0E2B6A0C1A00B736A1 /* Products */ = {
			isa = PBXGroup;
			children = (
				64BB3C0D2B6A0C1A00B736A1 /* Bt-Demo.app */,
				643EF6A22B6D8108003778AF /* Bt-DemoTests.xctest */,
			);
			name = Products;
			sourceTree = "<group>";
		};
		64BB3C0F2B6A0C1A00B736A1 /* Bt-Demo */ = {
			isa = PBXGroup;
			children = (
				6466CB202B6C3F9700692ADF /* NetworkService */,
				6466CB172B6C3CC800692ADF /* Users */,
				64BB3C102B6A0C1A00B736A1 /* Bt_DemoApp.swift */,
				64BB3C142B6A0C1B00B736A1 /* Assets.xcassets */,
				64BB3C162B6A0C1B00B736A1 /* Preview Content */,
			);
			path = "Bt-Demo";
			sourceTree = "<group>";
		};
		64BB3C162B6A0C1B00B736A1 /* Preview Content */ = {
			isa = PBXGroup;
			children = (
				64BB3C172B6A0C1B00B736A1 /* Preview Assets.xcassets */,
			);
			path = "Preview Content";
			sourceTree = "<group>";
		};
/* End PBXGroup section */

/* Begin PBXNativeTarget section */
		643EF6A12B6D8108003778AF /* Bt-DemoTests */ = {
			isa = PBXNativeTarget;
			buildConfigurationList = 643EF6A82B6D8108003778AF /* Build configuration list for PBXNativeTarget "Bt-DemoTests" */;
			buildPhases = (
				643EF69E2B6D8108003778AF /* Sources */,
				643EF69F2B6D8108003778AF /* Frameworks */,
				643EF6A02B6D8108003778AF /* Resources */,
			);
			buildRules = (
			);
			dependencies = (
				643EF6A72B6D8108003778AF /* PBXTargetDependency */,
			);
			name = "Bt-DemoTests";
			productName = "Bt-DemoTests";
			productReference = 643EF6A22B6D8108003778AF /* Bt-DemoTests.xctest */;
			productType = "com.apple.product-type.bundle.unit-test";
		};
		64BB3C0C2B6A0C1A00B736A1 /* Bt-Demo */ = {
			isa = PBXNativeTarget;
			buildConfigurationList = 64BB3C1B2B6A0C1B00B736A1 /* Build configuration list for PBXNativeTarget "Bt-Demo" */;
			buildPhases = (
				64BB3C092B6A0C1A00B736A1 /* Sources */,
				64BB3C0A2B6A0C1A00B736A1 /* Frameworks */,
				64BB3C0B2B6A0C1A00B736A1 /* Resources */,
			);
			buildRules = (
			);
			dependencies = (
			);
			name = "Bt-Demo";
			packageProductDependencies = (
				6466CB132B6C2C0F00692ADF /* URLImage */,
				6466CB152B6C2C0F00692ADF /* URLImageStore */,
			);
			productName = "Bt-Demo";
			productReference = 64BB3C0D2B6A0C1A00B736A1 /* Bt-Demo.app */;
			productType = "com.apple.product-type.application";
		};
/* End PBXNativeTarget section */

/* Begin PBXProject section */
		64BB3C052B6A0C1A00B736A1 /* Project object */ = {
			isa = PBXProject;
			attributes = {
				BuildIndependentTargetsInParallel = 1;
				LastSwiftUpdateCheck = 1500;
				LastUpgradeCheck = 1500;
				TargetAttributes = {
					643EF6A12B6D8108003778AF = {
						CreatedOnToolsVersion = 15.0;
						TestTargetID = 64BB3C0C2B6A0C1A00B736A1;
					};
					64BB3C0C2B6A0C1A00B736A1 = {
						CreatedOnToolsVersion = 15.0;
					};
				};
			};
			buildConfigurationList = 64BB3C082B6A0C1A00B736A1 /* Build configuration list for PBXProject "Bt-Demo" */;
			compatibilityVersion = "Xcode 14.0";
			developmentRegion = en;
			hasScannedForEncodings = 0;
			knownRegions = (
				en,
				Base,
			);
			mainGroup = 64BB3C042B6A0C1A00B736A1;
			packageReferences = (
				6466CB122B6C2C0F00692ADF /* XCRemoteSwiftPackageReference "url-image" */,
			);
			productRefGroup = 64BB3C0E2B6A0C1A00B736A1 /* Products */;
			projectDirPath = "";
			projectRoot = "";
			targets = (
				64BB3C0C2B6A0C1A00B736A1 /* Bt-Demo */,
				643EF6A12B6D8108003778AF /* Bt-DemoTests */,
			);
		};
/* End PBXProject section */

/* Begin PBXResourcesBuildPhase section */
		643EF6A02B6D8108003778AF /* Resources */ = {
			isa = PBXResourcesBuildPhase;
			buildActionMask = 2147483647;
			files = (
				643EF6C22B6DA2C4003778AF /* first_screen.png in Resources */,
				643EF6C12B6DA2C4003778AF /* load_more.png in Resources */,
				643EF6C02B6DA2C4003778AF /* unit_test_coverage_report.png in Resources */,
			);
			runOnlyForDeploymentPostprocessing = 0;
		};
		64BB3C0B2B6A0C1A00B736A1 /* Resources */ = {
			isa = PBXResourcesBuildPhase;
			buildActionMask = 2147483647;
			files = (
				64BB3C182B6A0C1B00B736A1 /* Preview Assets.xcassets in Resources */,
				64BB3C152B6A0C1B00B736A1 /* Assets.xcassets in Resources */,
			);
			runOnlyForDeploymentPostprocessing = 0;
		};
/* End PBXResourcesBuildPhase section */

/* Begin PBXSourcesBuildPhase section */
		643EF69E2B6D8108003778AF /* Sources */ = {
			isa = PBXSourcesBuildPhase;
			buildActionMask = 2147483647;
			files = (
				643EF6AC2B6D81CF003778AF /* MockURLSession.swift in Sources */,
				643EF6BA2B6D94DA003778AF /* UsersViewModelTest.swift in Sources */,
				643EF6B22B6D8BB4003778AF /* MockURLSessionDataTask.swift in Sources */,
				643EF6B02B6D8A27003778AF /* UserNetworkTaskTest.swift in Sources */,
				643EF6B62B6D917C003778AF /* MockUserNetworkTask.swift in Sources */,
				643EF6B42B6D913E003778AF /* UsersModelTest.swift in Sources */,
				643EF6B82B6D949F003778AF /* MockUsersModel.swift in Sources */,
			);
			runOnlyForDeploymentPostprocessing = 0;
		};
		64BB3C092B6A0C1A00B736A1 /* Sources */ = {
			isa = PBXSourcesBuildPhase;
			buildActionMask = 2147483647;
			files = (
				6466CB252B6C3FF200692ADF /* Users.swift in Sources */,
				6466CB1B2B6C3D0300692ADF /* UsersViewModel.swift in Sources */,
				64BB3C112B6A0C1A00B736A1 /* Bt_DemoApp.swift in Sources */,
				6466CB1F2B6C3DFF00692ADF /* UsersListRowItemView.swift in Sources */,
				6466CB272B6C3FF900692ADF /* User.swift in Sources */,
				6466CB1D2B6C3D0F00692ADF /* UsersModel.swift in Sources */,
				643EF69D2B6D7882003778AF /* UserError.swift in Sources */,
				6466CB192B6C3CF400692ADF /* UsersView.swift in Sources */,
				6466CB222B6C3FC600692ADF /* UserNetworkTask.swift in Sources */,
			);
			runOnlyForDeploymentPostprocessing = 0;
		};
/* End PBXSourcesBuildPhase section */

/* Begin PBXTargetDependency section */
		643EF6A72B6D8108003778AF /* PBXTargetDependency */ = {
			isa = PBXTargetDependency;
			target = 64BB3C0C2B6A0C1A00B736A1 /* Bt-Demo */;
			targetProxy = 643EF6A62B6D8108003778AF /* PBXContainerItemProxy */;
		};
/* End PBXTargetDependency section */

/* Begin XCBuildConfiguration section */
		643EF6A92B6D8108003778AF /* Debug */ = {
			isa = XCBuildConfiguration;
			buildSettings = {
				BUNDLE_LOADER = "$(TEST_HOST)";
				CODE_SIGN_STYLE = Automatic;
				CURRENT_PROJECT_VERSION = 1;
				GENERATE_INFOPLIST_FILE = YES;
				MARKETING_VERSION = 1.0;
				PRODUCT_BUNDLE_IDENTIFIER = "ronak.Bt-DemoTests";
				PRODUCT_NAME = "$(TARGET_NAME)";
				SWIFT_EMIT_LOC_STRINGS = NO;
				SWIFT_VERSION = 5.0;
				TARGETED_DEVICE_FAMILY = "1,2";
				TEST_HOST = "$(BUILT_PRODUCTS_DIR)/Bt-Demo.app/$(BUNDLE_EXECUTABLE_FOLDER_PATH)/Bt-Demo";
			};
			name = Debug;
		};
		643EF6AA2B6D8108003778AF /* Release */ = {
			isa = XCBuildConfiguration;
			buildSettings = {
				BUNDLE_LOADER = "$(TEST_HOST)";
				CODE_SIGN_STYLE = Automatic;
				CURRENT_PROJECT_VERSION = 1;
				GENERATE_INFOPLIST_FILE = YES;
				MARKETING_VERSION = 1.0;
				PRODUCT_BUNDLE_IDENTIFIER = "ronak.Bt-DemoTests";
				PRODUCT_NAME = "$(TARGET_NAME)";
				SWIFT_EMIT_LOC_STRINGS = NO;
				SWIFT_VERSION = 5.0;
				TARGETED_DEVICE_FAMILY = "1,2";
				TEST_HOST = "$(BUILT_PRODUCTS_DIR)/Bt-Demo.app/$(BUNDLE_EXECUTABLE_FOLDER_PATH)/Bt-Demo";
			};
			name = Release;
		};
		64BB3C192B6A0C1B00B736A1 /* Debug */ = {
			isa = XCBuildConfiguration;
			buildSettings = {
				ALWAYS_SEARCH_USER_PATHS = NO;
				ASSETCATALOG_COMPILER_GENERATE_SWIFT_ASSET_SYMBOL_EXTENSIONS = YES;
				CLANG_ANALYZER_NONNULL = YES;
				CLANG_ANALYZER_NUMBER_OBJECT_CONVERSION = YES_AGGRESSIVE;
				CLANG_CXX_LANGUAGE_STANDARD = "gnu++20";
				CLANG_ENABLE_MODULES = YES;
				CLANG_ENABLE_OBJC_ARC = YES;
				CLANG_ENABLE_OBJC_WEAK = YES;
				CLANG_WARN_BLOCK_CAPTURE_AUTORELEASING = YES;
				CLANG_WARN_BOOL_CONVERSION = YES;
				CLANG_WARN_COMMA = YES;
				CLANG_WARN_CONSTANT_CONVERSION = YES;
				CLANG_WARN_DEPRECATED_OBJC_IMPLEMENTATIONS = YES;
				CLANG_WARN_DIRECT_OBJC_ISA_USAGE = YES_ERROR;
				CLANG_WARN_DOCUMENTATION_COMMENTS = YES;
				CLANG_WARN_EMPTY_BODY = YES;
				CLANG_WARN_ENUM_CONVERSION = YES;
				CLANG_WARN_INFINITE_RECURSION = YES;
				CLANG_WARN_INT_CONVERSION = YES;
				CLANG_WARN_NON_LITERAL_NULL_CONVERSION = YES;
				CLANG_WARN_OBJC_IMPLICIT_RETAIN_SELF = YES;
				CLANG_WARN_OBJC_LITERAL_CONVERSION = YES;
				CLANG_WARN_OBJC_ROOT_CLASS = YES_ERROR;
				CLANG_WARN_QUOTED_INCLUDE_IN_FRAMEWORK_HEADER = YES;
				CLANG_WARN_RANGE_LOOP_ANALYSIS = YES;
				CLANG_WARN_STRICT_PROTOTYPES = YES;
				CLANG_WARN_SUSPICIOUS_MOVE = YES;
				CLANG_WARN_UNGUARDED_AVAILABILITY = YES_AGGRESSIVE;
				CLANG_WARN_UNREACHABLE_CODE = YES;
				CLANG_WARN__DUPLICATE_METHOD_MATCH = YES;
				COPY_PHASE_STRIP = NO;
				DEBUG_INFORMATION_FORMAT = dwarf;
				ENABLE_STRICT_OBJC_MSGSEND = YES;
				ENABLE_TESTABILITY = YES;
				ENABLE_USER_SCRIPT_SANDBOXING = YES;
				GCC_C_LANGUAGE_STANDARD = gnu17;
				GCC_DYNAMIC_NO_PIC = NO;
				GCC_NO_COMMON_BLOCKS = YES;
				GCC_OPTIMIZATION_LEVEL = 0;
				GCC_PREPROCESSOR_DEFINITIONS = (
					"DEBUG=1",
					"$(inherited)",
				);
				GCC_WARN_64_TO_32_BIT_CONVERSION = YES;
				GCC_WARN_ABOUT_RETURN_TYPE = YES_ERROR;
				GCC_WARN_UNDECLARED_SELECTOR = YES;
				GCC_WARN_UNINITIALIZED_AUTOS = YES_AGGRESSIVE;
				GCC_WARN_UNUSED_FUNCTION = YES;
				GCC_WARN_UNUSED_VARIABLE = YES;
				IPHONEOS_DEPLOYMENT_TARGET = 17.0;
				LOCALIZATION_PREFERS_STRING_CATALOGS = YES;
				MTL_ENABLE_DEBUG_INFO = INCLUDE_SOURCE;
				MTL_FAST_MATH = YES;
				ONLY_ACTIVE_ARCH = YES;
				SDKROOT = iphoneos;
				SWIFT_ACTIVE_COMPILATION_CONDITIONS = "DEBUG $(inherited)";
				SWIFT_OPTIMIZATION_LEVEL = "-Onone";
			};
			name = Debug;
		};
		64BB3C1A2B6A0C1B00B736A1 /* Release */ = {
			isa = XCBuildConfiguration;
			buildSettings = {
				ALWAYS_SEARCH_USER_PATHS = NO;
				ASSETCATALOG_COMPILER_GENERATE_SWIFT_ASSET_SYMBOL_EXTENSIONS = YES;
				CLANG_ANALYZER_NONNULL = YES;
				CLANG_ANALYZER_NUMBER_OBJECT_CONVERSION = YES_AGGRESSIVE;
				CLANG_CXX_LANGUAGE_STANDARD = "gnu++20";
				CLANG_ENABLE_MODULES = YES;
				CLANG_ENABLE_OBJC_ARC = YES;
				CLANG_ENABLE_OBJC_WEAK = YES;
				CLANG_WARN_BLOCK_CAPTURE_AUTORELEASING = YES;
				CLANG_WARN_BOOL_CONVERSION = YES;
				CLANG_WARN_COMMA = YES;
				CLANG_WARN_CONSTANT_CONVERSION = YES;
				CLANG_WARN_DEPRECATED_OBJC_IMPLEMENTATIONS = YES;
				CLANG_WARN_DIRECT_OBJC_ISA_USAGE = YES_ERROR;
				CLANG_WARN_DOCUMENTATION_COMMENTS = YES;
				CLANG_WARN_EMPTY_BODY = YES;
				CLANG_WARN_ENUM_CONVERSION = YES;
				CLANG_WARN_INFINITE_RECURSION = YES;
				CLANG_WARN_INT_CONVERSION = YES;
				CLANG_WARN_NON_LITERAL_NULL_CONVERSION = YES;
				CLANG_WARN_OBJC_IMPLICIT_RETAIN_SELF = YES;
				CLANG_WARN_OBJC_LITERAL_CONVERSION = YES;
				CLANG_WARN_OBJC_ROOT_CLASS = YES_ERROR;
				CLANG_WARN_QUOTED_INCLUDE_IN_FRAMEWORK_HEADER = YES;
				CLANG_WARN_RANGE_LOOP_ANALYSIS = YES;
				CLANG_WARN_STRICT_PROTOTYPES = YES;
				CLANG_WARN_SUSPICIOUS_MOVE = YES;
				CLANG_WARN_UNGUARDED_AVAILABILITY = YES_AGGRESSIVE;
				CLANG_WARN_UNREACHABLE_CODE = YES;
				CLANG_WARN__DUPLICATE_METHOD_MATCH = YES;
				COPY_PHASE_STRIP = NO;
				DEBUG_INFORMATION_FORMAT = "dwarf-with-dsym";
				ENABLE_NS_ASSERTIONS = NO;
				ENABLE_STRICT_OBJC_MSGSEND = YES;
				ENABLE_USER_SCRIPT_SANDBOXING = YES;
				GCC_C_LANGUAGE_STANDARD = gnu17;
				GCC_NO_COMMON_BLOCKS = YES;
				GCC_WARN_64_TO_32_BIT_CONVERSION = YES;
				GCC_WARN_ABOUT_RETURN_TYPE = YES_ERROR;
				GCC_WARN_UNDECLARED_SELECTOR = YES;
				GCC_WARN_UNINITIALIZED_AUTOS = YES_AGGRESSIVE;
				GCC_WARN_UNUSED_FUNCTION = YES;
				GCC_WARN_UNUSED_VARIABLE = YES;
				IPHONEOS_DEPLOYMENT_TARGET = 17.0;
				LOCALIZATION_PREFERS_STRING_CATALOGS = YES;
				MTL_ENABLE_DEBUG_INFO = NO;
				MTL_FAST_MATH = YES;
				SDKROOT = iphoneos;
				SWIFT_COMPILATION_MODE = wholemodule;
				VALIDATE_PRODUCT = YES;
			};
			name = Release;
		};
		64BB3C1C2B6A0C1B00B736A1 /* Debug */ = {
			isa = XCBuildConfiguration;
			buildSettings = {
				ASSETCATALOG_COMPILER_APPICON_NAME = AppIcon;
				ASSETCATALOG_COMPILER_GLOBAL_ACCENT_COLOR_NAME = AccentColor;
				CODE_SIGN_STYLE = Automatic;
				CURRENT_PROJECT_VERSION = 1;
				DEVELOPMENT_ASSET_PATHS = "\"Bt-Demo/Preview Content\"";
				ENABLE_PREVIEWS = YES;
				GENERATE_INFOPLIST_FILE = YES;
				INFOPLIST_KEY_UIApplicationSceneManifest_Generation = YES;
				INFOPLIST_KEY_UIApplicationSupportsIndirectInputEvents = YES;
				INFOPLIST_KEY_UILaunchScreen_Generation = YES;
				INFOPLIST_KEY_UISupportedInterfaceOrientations_iPad = "UIInterfaceOrientationPortrait UIInterfaceOrientationPortraitUpsideDown UIInterfaceOrientationLandscapeLeft UIInterfaceOrientationLandscapeRight";
				INFOPLIST_KEY_UISupportedInterfaceOrientations_iPhone = "UIInterfaceOrientationPortrait UIInterfaceOrientationLandscapeLeft UIInterfaceOrientationLandscapeRight";
				LD_RUNPATH_SEARCH_PATHS = (
					"$(inherited)",
					"@executable_path/Frameworks",
				);
				MARKETING_VERSION = 1.0;
				PRODUCT_BUNDLE_IDENTIFIER = "ronak.Bt-Demo";
				PRODUCT_NAME = "$(TARGET_NAME)";
				SWIFT_EMIT_LOC_STRINGS = YES;
				SWIFT_VERSION = 5.0;
				TARGETED_DEVICE_FAMILY = "1,2";
			};
			name = Debug;
		};
		64BB3C1D2B6A0C1B00B736A1 /* Release */ = {
			isa = XCBuildConfiguration;
			buildSettings = {
				ASSETCATALOG_COMPILER_APPICON_NAME = AppIcon;
				ASSETCATALOG_COMPILER_GLOBAL_ACCENT_COLOR_NAME = AccentColor;
				CODE_SIGN_STYLE = Automatic;
				CURRENT_PROJECT_VERSION = 1;
				DEVELOPMENT_ASSET_PATHS = "\"Bt-Demo/Preview Content\"";
				ENABLE_PREVIEWS = YES;
				GENERATE_INFOPLIST_FILE = YES;
				INFOPLIST_KEY_UIApplicationSceneManifest_Generation = YES;
				INFOPLIST_KEY_UIApplicationSupportsIndirectInputEvents = YES;
				INFOPLIST_KEY_UILaunchScreen_Generation = YES;
				INFOPLIST_KEY_UISupportedInterfaceOrientations_iPad = "UIInterfaceOrientationPortrait UIInterfaceOrientationPortraitUpsideDown UIInterfaceOrientationLandscapeLeft UIInterfaceOrientationLandscapeRight";
				INFOPLIST_KEY_UISupportedInterfaceOrientations_iPhone = "UIInterfaceOrientationPortrait UIInterfaceOrientationLandscapeLeft UIInterfaceOrientationLandscapeRight";
				LD_RUNPATH_SEARCH_PATHS = (
					"$(inherited)",
					"@executable_path/Frameworks",
				);
				MARKETING_VERSION = 1.0;
				PRODUCT_BUNDLE_IDENTIFIER = "ronak.Bt-Demo";
				PRODUCT_NAME = "$(TARGET_NAME)";
				SWIFT_EMIT_LOC_STRINGS = YES;
				SWIFT_VERSION = 5.0;
				TARGETED_DEVICE_FAMILY = "1,2";
			};
			name = Release;
		};
/* End XCBuildConfiguration section */

/* Begin XCConfigurationList section */
		643EF6A82B6D8108003778AF /* Build configuration list for PBXNativeTarget "Bt-DemoTests" */ = {
			isa = XCConfigurationList;
			buildConfigurations = (
				643EF6A92B6D8108003778AF /* Debug */,
				643EF6AA2B6D8108003778AF /* Release */,
			);
			defaultConfigurationIsVisible = 0;
			defaultConfigurationName = Release;
		};
		64BB3C082B6A0C1A00B736A1 /* Build configuration list for PBXProject "Bt-Demo" */ = {
			isa = XCConfigurationList;
			buildConfigurations = (
				64BB3C192B6A0C1B00B736A1 /* Debug */,
				64BB3C1A2B6A0C1B00B736A1 /* Release */,
			);
			defaultConfigurationIsVisible = 0;
			defaultConfigurationName = Release;
		};
		64BB3C1B2B6A0C1B00B736A1 /* Build configuration list for PBXNativeTarget "Bt-Demo" */ = {
			isa = XCConfigurationList;
			buildConfigurations = (
				64BB3C1C2B6A0C1B00B736A1 /* Debug */,
				64BB3C1D2B6A0C1B00B736A1 /* Release */,
			);
			defaultConfigurationIsVisible = 0;
			defaultConfigurationName = Release;
		};
/* End XCConfigurationList section */

/* Begin XCRemoteSwiftPackageReference section */
		6466CB122B6C2C0F00692ADF /* XCRemoteSwiftPackageReference "url-image" */ = {
			isa = XCRemoteSwiftPackageReference;
			repositoryURL = "https://github.com/dmytro-anokhin/url-image.git";
			requirement = {
				kind = upToNextMajorVersion;
				minimumVersion = 3.1.1;
			};
		};
/* End XCRemoteSwiftPackageReference section */

/* Begin XCSwiftPackageProductDependency section */
		6466CB132B6C2C0F00692ADF /* URLImage */ = {
			isa = XCSwiftPackageProductDependency;
			package = 6466CB122B6C2C0F00692ADF /* XCRemoteSwiftPackageReference "url-image" */;
			productName = URLImage;
		};
		6466CB152B6C2C0F00692ADF /* URLImageStore */ = {
			isa = XCSwiftPackageProductDependency;
			package = 6466CB122B6C2C0F00692ADF /* XCRemoteSwiftPackageReference "url-image" */;
			productName = URLImageStore;
		};
/* End XCSwiftPackageProductDependency section */
	};
	rootObject = 64BB3C052B6A0C1A00B736A1 /* Project object */;
}
